
Microsoft Visual Studio Solution File, Format Version 12.00
# Visual Studio Version 16
VisualStudioVersion = 16.0.29806.167
MinimumVisualStudioVersion = 10.0.40219.1
Project("{8BC9CEB8-8B4A-11D0-8D11-00A0C91BC942}") = "Tetromino", "Tetromino\Tetromino.vcxproj", "{07B0CD90-5950-43DC-ACE0-AD948CA9B736}"
EndProject
Global
	GlobalSection(SolutionConfigurationPlatforms) = preSolution
		Debug|x64 = Debug|x64
		Debug|x86 = Debug|x86
		Release|x64 = Release|x64
		Release|x86 = Release|x86
	EndGlobalSection
	GlobalSection(ProjectConfigurationPlatforms) = postSolution
		{07B0CD90-5950-43DC-ACE0-AD948CA9B736}.Debug|x64.ActiveCfg = Debug|x64
		{07B0CD90-5950-43DC-ACE0-AD948CA9B736}.Debug|x64.Build.0 = Debug|x64
		{07B0CD90-5950-43DC-ACE0-AD948CA9B736}.Debug|x86.ActiveCfg = Debug|Win32
		{07B0CD90-5950-43DC-ACE0-AD948CA9B736}.Debug|x86.Build.0 = Debug|Win32
		{07B0CD90-5950-43DC-ACE0-AD948CA9B736}.Release|x64.ActiveCfg = Release|x64
		{07B0CD90-5950-43DC-ACE0-AD948CA9B736}.Release|x64.Build.0 = Release|x64
		{07B0CD90-5950-43DC-ACE0-AD948CA9B736}.Release|x86.ActiveCfg = Release|Win32
		{07B0CD90-5950-43DC-ACE0-AD948CA9B736}.Release|x86.Build.0 = Release|Win32
	EndGlobalSection
	GlobalSection(SolutionProperties) = preSolution
		HideSolutionNode = FALSE
	EndGlobalSection
	GlobalSection(ExtensibilityGlobals) = postSolution
		SolutionGuid = {BA39EEB0-D15B-43BA-8DCE-C754D8FD5E0D}
	EndGlobalSection
EndGlobal
